
Microsoft Visual Studio Solution File, Format Version 12.00
# Visual Studio Version 17
VisualStudioVersion = 17.1.32228.430
MinimumVisualStudioVersion = 10.0.40219.1
Project("{FAE04EC0-301F-11D3-BF4B-00C04F79EFBC}") = "TodList.Android", "TodList\TodList.Android\TodList.Android.csproj", "{AE59B998-8BBA-4C96-B760-3C43096B4875}"
EndProject
Project("{FAE04EC0-301F-11D3-BF4B-00C04F79EFBC}") = "TodList", "TodList\TodList\TodList.csproj", "{0EE2D947-F237-4667-87E3-4743F7A6DA9C}"
EndProject
Global
	GlobalSection(SolutionConfigurationPlatforms) = preSolution
		Debug|Any CPU = Debug|Any CPU
		Release|Any CPU = Release|Any CPU
	EndGlobalSection
	GlobalSection(ProjectConfigurationPlatforms) = postSolution
		{AE59B998-8BBA-4C96-B760-3C43096B4875}.Debug|Any CPU.ActiveCfg = Debug|Any CPU
		{AE59B998-8BBA-4C96-B760-3C43096B4875}.Debug|Any CPU.Build.0 = Debug|Any CPU
		{AE59B998-8BBA-4C96-B760-3C43096B4875}.Debug|Any CPU.Deploy.0 = Debug|Any CPU
		{AE59B998-8BBA-4C96-B760-3C43096B4875}.Release|Any CPU.ActiveCfg = Release|Any CPU
		{AE59B998-8BBA-4C96-B760-3C43096B4875}.Release|Any CPU.Build.0 = Release|Any CPU
		{AE59B998-8BBA-4C96-B760-3C43096B4875}.Release|Any CPU.Deploy.0 = Release|Any CPU
		{0EE2D947-F237-4667-87E3-4743F7A6DA9C}.Debug|Any CPU.ActiveCfg = Debug|Any CPU
		{0EE2D947-F237-4667-87E3-4743F7A6DA9C}.Debug|Any CPU.Build.0 = Debug|Any CPU
		{0EE2D947-F237-4667-87E3-4743F7A6DA9C}.Debug|Any CPU.Deploy.0 = Debug|Any CPU
		{0EE2D947-F237-4667-87E3-4743F7A6DA9C}.Release|Any CPU.ActiveCfg = Release|Any CPU
		{0EE2D947-F237-4667-87E3-4743F7A6DA9C}.Release|Any CPU.Build.0 = Release|Any CPU
		{0EE2D947-F237-4667-87E3-4743F7A6DA9C}.Release|Any CPU.Deploy.0 = Release|Any CPU
	EndGlobalSection
	GlobalSection(SolutionProperties) = preSolution
		HideSolutionNode = FALSE
	EndGlobalSection
	GlobalSection(ExtensibilityGlobals) = postSolution
		SolutionGuid = {EECFA466-A8E3-453A-BBEE-7C712DCDF7B0}
	EndGlobalSection
EndGlobal
